// !$*UTF8*$!
{
	archiveVersion = 1;
	classes = {
	};
	objectVersion = 46;
	objects = {

/* Begin PBXBuildFile section */
		485052401CF8BE2200854751 /* AppDelegate.swift in Sources */ = {isa = PBXBuildFile; fileRef = 4850523F1CF8BE2200854751 /* AppDelegate.swift */; };
		485052421CF8BE2200854751 /* ViewController.swift in Sources */ = {isa = PBXBuildFile; fileRef = 485052411CF8BE2200854751 /* ViewController.swift */; };
		485052451CF8BE2200854751 /* Main.storyboard in Resources */ = {isa = PBXBuildFile; fileRef = 485052431CF8BE2200854751 /* Main.storyboard */; };
		485052471CF8BE2200854751 /* Assets.xcassets in Resources */ = {isa = PBXBuildFile; fileRef = 485052461CF8BE2200854751 /* Assets.xcassets */; };
		4850524A1CF8BE2200854751 /* LaunchScreen.storyboard in Resources */ = {isa = PBXBuildFile; fileRef = 485052481CF8BE2200854751 /* LaunchScreen.storyboard */; };
		485052541CF8BEE800854751 /* John Legend - All of Me.mp3 in Resources */ = {isa = PBXBuildFile; fileRef = 485052531CF8BEE800854751 /* John Legend - All of Me.mp3 */; };
/* End PBXBuildFile section */

/* Begin PBXFileReference section */
		4850523C1CF8BE2200854751 /* AudioPlayer.app */ = {isa = PBXFileReference; explicitFileType = wrapper.application; includeInIndex = 0; path = AudioPlayer.app; sourceTree = BUILT_PRODUCTS_DIR; };
		4850523F1CF8BE2200854751 /* AppDelegate.swift */ = {isa = PBXFileReference; lastKnownFileType = sourcecode.swift; path = AppDelegate.swift; sourceTree = "<group>"; };
		485052411CF8BE2200854751 /* ViewController.swift */ = {isa = PBXFileReference; lastKnownFileType = sourcecode.swift; path = ViewController.swift; sourceTree = "<group>"; };
		485052441CF8BE2200854751 /* Base */ = {isa = PBXFileReference; lastKnownFileType = file.storyboard; name = Base; path = Base.lproj/Main.storyboard; sourceTree = "<group>"; };
		485052461CF8BE2200854751 /* Assets.xcassets */ = {isa = PBXFileReference; lastKnownFileType = folder.assetcatalog; path = Assets.xcassets; sourceTree = "<group>"; };
		485052491CF8BE2200854751 /* Base */ = {isa = PBXFileReference; lastKnownFileType = file.storyboard; name = Base; path = Base.lproj/LaunchScreen.storyboard; sourceTree = "<group>"; };
		4850524B1CF8BE2200854751 /* Info.plist */ = {isa = PBXFileReference; lastKnownFileType = text.plist.xml; path = Info.plist; sourceTree = "<group>"; };
		485052531CF8BEE800854751 /* John Legend - All of Me.mp3 */ = {isa = PBXFileReference; lastKnownFileType = audio.mp3; path = "John Legend - All of Me.mp3"; sourceTree = "<group>"; };
/* End PBXFileReference section */

/* Begin PBXFrameworksBuildPhase section */
		485052391CF8BE2200854751 /* Frameworks */ = {
			isa = PBXFrameworksBuildPhase;
			buildActionMask = 2147483647;
			files = (
			);
			runOnlyForDeploymentPostprocessing = 0;
		};
/* End PBXFrameworksBuildPhase section */

/* Begin PBXGroup section */
		485052331CF8BE2200854751 = {
			isa = PBXGroup;
			children = (
				4850523E1CF8BE2200854751 /* AudioPlayer */,
				4850523D1CF8BE2200854751 /* Products */,
			);
			sourceTree = "<group>";
		};
		4850523D1CF8BE2200854751 /* Products */ = {
			isa = PBXGroup;
			children = (
				4850523C1CF8BE2200854751 /* AudioPlayer.app */,
			);
			name = Products;
			sourceTree = "<group>";
		};
		4850523E1CF8BE2200854751 /* AudioPlayer */ = {
			isa = PBXGroup;
			children = (
				4850523F1CF8BE2200854751 /* AppDelegate.swift */,
				485052531CF8BEE800854751 /* John Legend - All of Me.mp3 */,
				485052411CF8BE2200854751 /* ViewController.swift */,
				485052431CF8BE2200854751 /* Main.storyboard */,
				485052461CF8BE2200854751 /* Assets.xcassets */,
				485052481CF8BE2200854751 /* LaunchScreen.storyboard */,
				4850524B1CF8BE2200854751 /* Info.plist */,
			);
			path = AudioPlayer;
			sourceTree = "<group>";
		};
/* End PBXGroup section */

/* Begin PBXNativeTarget section */
		4850523B1CF8BE2200854751 /* AudioPlayer */ = {
			isa = PBXNativeTarget;
			buildConfigurationList = 4850524E1CF8BE2200854751 /* Build configuration list for PBXNativeTarget "AudioPlayer" */;
			buildPhases = (
				485052381CF8BE2200854751 /* Sources */,
				485052391CF8BE2200854751 /* Frameworks */,
				4850523A1CF8BE2200854751 /* Resources */,
			);
			buildRules = (
			);
			dependencies = (
			);
			name = AudioPlayer;
			productName = AudioPlayer;
			productReference = 4850523C1CF8BE2200854751 /* AudioPlayer.app */;
			productType = "com.apple.product-type.application";
		};
/* End PBXNativeTarget section */

/* Begin PBXProject section */
		485052341CF8BE2200854751 /* Project object */ = {
			isa = PBXProject;
			attributes = {
				LastSwiftUpdateCheck = 0730;
				LastUpgradeCheck = 0730;
				ORGANIZATIONNAME = JackAttack;
				TargetAttributes = {
					4850523B1CF8BE2200854751 = {
						CreatedOnToolsVersion = 7.3.1;
						DevelopmentTeam = 665MGGYVAB;
					};
				};
			};
			buildConfigurationList = 485052371CF8BE2200854751 /* Build configuration list for PBXProject "AudioPlayer" */;
			compatibilityVersion = "Xcode 3.2";
			developmentRegion = English;
			hasScannedForEncodings = 0;
			knownRegions = (
				en,
				Base,
			);
			mainGroup = 485052331CF8BE2200854751;
			productRefGroup = 4850523D1CF8BE2200854751 /* Products */;
			projectDirPath = "";
			projectRoot = "";
			targets = (
				4850523B1CF8BE2200854751 /* AudioPlayer */,
			);
		};
/* End PBXProject section */

/* Begin PBXResourcesBuildPhase section */
		4850523A1CF8BE2200854751 /* Resources */ = {
			isa = PBXResourcesBuildPhase;
			buildActionMask = 2147483647;
			files = (
				485052541CF8BEE800854751 /* John Legend - All of Me.mp3 in Resources */,
				4850524A1CF8BE2200854751 /* LaunchScreen.storyboard in Resources */,
				485052471CF8BE2200854751 /* Assets.xcassets in Resources */,
				485052451CF8BE2200854751 /* Main.storyboard in Resources */,
			);
			runOnlyForDeploymentPostprocessing = 0;
		};
/* End PBXResourcesBuildPhase section */

/* Begin PBXSourcesBuildPhase section */
		485052381CF8BE2200854751 /* Sources */ = {
			isa = PBXSourcesBuildPhase;
			buildActionMask = 2147483647;
			files = (
				485052421CF8BE2200854751 /* ViewController.swift in Sources */,
				485052401CF8BE2200854751 /* AppDelegate.swift in Sources */,
			);
			runOnlyForDeploymentPostprocessing = 0;
		};
/* End PBXSourcesBuildPhase section */

/* Begin PBXVariantGroup section */
		485052431CF8BE2200854751 /* Main.storyboard */ = {
			isa = PBXVariantGroup;
			children = (
				485052441CF8BE2200854751 /* Base */,
			);
			name = Main.storyboard;
			sourceTree = "<group>";
		};
		485052481CF8BE2200854751 /* LaunchScreen.storyboard */ = {
			isa = PBXVariantGroup;
			children = (
				485052491CF8BE2200854751 /* Base */,
			);
			name = LaunchScreen.storyboard;
			sourceTree = "<group>";
		};
/* End PBXVariantGroup section */

/* Begin XCBuildConfiguration section */
		4850524C1CF8BE2200854751 /* Debug */ = {
			isa = XCBuildConfiguration;
			buildSettings = {
				ALWAYS_SEARCH_USER_PATHS = NO;
				CLANG_ANALYZER_NONNULL = YES;
				CLANG_CXX_LANGUAGE_STANDARD = "gnu++0x";
				CLANG_CXX_LIBRARY = "libc++";
				CLANG_ENABLE_MODULES = YES;
				CLANG_ENABLE_OBJC_ARC = YES;
				CLANG_WARN_BOOL_CONVERSION = YES;
				CLANG_WARN_CONSTANT_CONVERSION = YES;
				CLANG_WARN_DIRECT_OBJC_ISA_USAGE = YES_ERROR;
				CLANG_WARN_EMPTY_BODY = YES;
				CLANG_WARN_ENUM_CONVERSION = YES;
				CLANG_WARN_INT_CONVERSION = YES;
				CLANG_WARN_OBJC_ROOT_CLASS = YES_ERROR;
				CLANG_WARN_UNREACHABLE_CODE = YES;
				CLANG_WARN__DUPLICATE_METHOD_MATCH = YES;
				"CODE_SIGN_IDENTITY[sdk=iphoneos*]" = "iPhone Developer";
				COPY_PHASE_STRIP = NO;
				DEBUG_INFORMATION_FORMAT = dwarf;
				ENABLE_STRICT_OBJC_MSGSEND = YES;
				ENABLE_TESTABILITY = YES;
				GCC_C_LANGUAGE_STANDARD = gnu99;
				GCC_DYNAMIC_NO_PIC = NO;
				GCC_NO_COMMON_BLOCKS = YES;
				GCC_OPTIMIZATION_LEVEL = 0;
				GCC_PREPROCESSOR_DEFINITIONS = (
					"DEBUG=1",
					"$(inherited)",
				);
				GCC_WARN_64_TO_32_BIT_CONVERSION = YES;
				GCC_WARN_ABOUT_RETURN_TYPE = YES_ERROR;
				GCC_WARN_UNDECLARED_SELECTOR = YES;
				GCC_WARN_UNINITIALIZED_AUTOS = YES_AGGRESSIVE;
				GCC_WARN_UNUSED_FUNCTION = YES;
				GCC_WARN_UNUSED_VARIABLE = YES;
				IPHONEOS_DEPLOYMENT_TARGET = 9.3;
				MTL_ENABLE_DEBUG_INFO = YES;
				ONLY_ACTIVE_ARCH = YES;
				SDKROOT = iphoneos;
				SWIFT_OPTIMIZATION_LEVEL = "-Onone";
				TARGETED_DEVICE_FAMILY = "1,2";
			};
			name = Debug;
		};
		4850524D1CF8BE2200854751 /* Release */ = {
			isa = XCBuildConfiguration;
			buildSettings = {
				ALWAYS_SEARCH_USER_PATHS = NO;
				CLANG_ANALYZER_NONNULL = YES;
				CLANG_CXX_LANGUAGE_STANDARD = "gnu++0x";
				CLANG_CXX_LIBRARY = "libc++";
				CLANG_ENABLE_MODULES = YES;
				CLANG_ENABLE_OBJC_ARC = YES;
				CLANG_WARN_BOOL_CONVERSION = YES;
				CLANG_WARN_CONSTANT_CONVERSION = YES;
				CLANG_WARN_DIRECT_OBJC_ISA_USAGE = YES_ERROR;
				CLANG_WARN_EMPTY_BODY = YES;
				CLANG_WARN_ENUM_CONVERSION = YES;
				CLANG_WARN_INT_CONVERSION = YES;
				CLANG_WARN_OBJC_ROOT_CLASS = YES_ERROR;
				CLANG_WARN_UNREACHABLE_CODE = YES;
				CLANG_WARN__DUPLICATE_METHOD_MATCH = YES;
				"CODE_SIGN_IDENTITY[sdk=iphoneos*]" = "iPhone Developer";
				COPY_PHASE_STRIP = NO;
				DEBUG_INFORMATION_FORMAT = "dwarf-with-dsym";
				ENABLE_NS_ASSERTIONS = NO;
				ENABLE_STRICT_OBJC_MSGSEND = YES;
				GCC_C_LANGUAGE_STANDARD = gnu99;
				GCC_NO_COMMON_BLOCKS = YES;
				GCC_WARN_64_TO_32_BIT_CONVERSION = YES;
				GCC_WARN_ABOUT_RETURN_TYPE = YES_ERROR;
				GCC_WARN_UNDECLARED_SELECTOR = YES;
				GCC_WARN_UNINITIALIZED_AUTOS = YES_AGGRESSIVE;
				GCC_WARN_UNUSED_FUNCTION = YES;
				GCC_WARN_UNUSED_VARIABLE = YES;
				IPHONEOS_DEPLOYMENT_TARGET = 9.3;
				MTL_ENABLE_DEBUG_INFO = NO;
				SDKROOT = iphoneos;
				TARGETED_DEVICE_FAMILY = "1,2";
				VALIDATE_PRODUCT = YES;
			};
			name = Release;
		};
		4850524F1CF8BE2200854751 /* Debug */ = {
			isa = XCBuildConfiguration;
			buildSettings = {
				ASSETCATALOG_COMPILER_APPICON_NAME = AppIcon;
				CODE_SIGN_IDENTITY = "iPhone Developer";
				"CODE_SIGN_IDENTITY[sdk=iphoneos*]" = "iPhone Developer";
				INFOPLIST_FILE = AudioPlayer/Info.plist;
				IPHONEOS_DEPLOYMENT_TARGET = 9.0;
				LD_RUNPATH_SEARCH_PATHS = "$(inherited) @executable_path/Frameworks";
				PRODUCT_BUNDLE_IDENTIFIER = com.jackattack.AudioPlayer;
				PRODUCT_NAME = "$(TARGET_NAME)";
				PROVISIONING_PROFILE = "";
			};
			name = Debug;
		};
		485052501CF8BE2200854751 /* Release */ = {
			isa = XCBuildConfiguration;
			buildSettings = {
				ASSETCATALOG_COMPILER_APPICON_NAME = AppIcon;
				CODE_SIGN_IDENTITY = "iPhone Developer";
				"CODE_SIGN_IDENTITY[sdk=iphoneos*]" = "iPhone Developer";
				INFOPLIST_FILE = AudioPlayer/Info.plist;
				IPHONEOS_DEPLOYMENT_TARGET = 9.0;
				LD_RUNPATH_SEARCH_PATHS = "$(inherited) @executable_path/Frameworks";
				PRODUCT_BUNDLE_IDENTIFIER = com.jackattack.AudioPlayer;
				PRODUCT_NAME = "$(TARGET_NAME)";
				PROVISIONING_PROFILE = "";
			};
			name = Release;
		};
/* End XCBuildConfiguration section */

/* Begin XCConfigurationList section */
		485052371CF8BE2200854751 /* Build configuration list for PBXProject "AudioPlayer" */ = {
			isa = XCConfigurationList;
			buildConfigurations = (
				4850524C1CF8BE2200854751 /* Debug */,
				4850524D1CF8BE2200854751 /* Release */,
			);
			defaultConfigurationIsVisible = 0;
			defaultConfigurationName = Release;
		};
		4850524E1CF8BE2200854751 /* Build configuration list for PBXNativeTarget "AudioPlayer" */ = {
			isa = XCConfigurationList;
			buildConfigurations = (
				4850524F1CF8BE2200854751 /* Debug */,
				485052501CF8BE2200854751 /* Release */,
			);
			defaultConfigurationIsVisible = 0;
		};
/* End XCConfigurationList section */
	};
	rootObject = 485052341CF8BE2200854751 /* Project object */;
}
